
Microsoft Visual Studio Solution File, Format Version 12.00
# Visual Studio 15
VisualStudioVersion = 15.0.27323.2
MinimumVisualStudioVersion = 10.0.40219.1
Project("{FAE04EC0-301F-11D3-BF4B-00C04F79EFBC}") = "FirstApp.Android", "FirstApp\FirstApp.Android\FirstApp.Android.csproj", "{8B9BE5C2-06F8-4D28-86EC-D157A2B20085}"
EndProject
Project("{FAE04EC0-301F-11D3-BF4B-00C04F79EFBC}") = "FirstApp.iOS", "FirstApp\FirstApp.iOS\FirstApp.iOS.csproj", "{8D2605BA-F4B9-4583-A2AA-5E0C34320953}"
EndProject
Project("{FAE04EC0-301F-11D3-BF4B-00C04F79EFBC}") = "FirstApp.UWP", "FirstApp\FirstApp.UWP\FirstApp.UWP.csproj", "{F17C347E-2511-4DA6-9655-4480ECD6849B}"
EndProject
Project("{FAE04EC0-301F-11D3-BF4B-00C04F79EFBC}") = "FirstApp", "FirstApp\FirstApp\FirstApp.csproj", "{66F4F133-7472-471C-933C-A7DBDDFC7503}"
EndProject
Global
	GlobalSection(SolutionConfigurationPlatforms) = preSolution
		Ad-Hoc|Any CPU = Ad-Hoc|Any CPU
		Ad-Hoc|ARM = Ad-Hoc|ARM
		Ad-Hoc|iPhone = Ad-Hoc|iPhone
		Ad-Hoc|iPhoneSimulator = Ad-Hoc|iPhoneSimulator
		Ad-Hoc|x64 = Ad-Hoc|x64
		Ad-Hoc|x86 = Ad-Hoc|x86
		AppStore|Any CPU = AppStore|Any CPU
		AppStore|ARM = AppStore|ARM
		AppStore|iPhone = AppStore|iPhone
		AppStore|iPhoneSimulator = AppStore|iPhoneSimulator
		AppStore|x64 = AppStore|x64
		AppStore|x86 = AppStore|x86
		Debug|Any CPU = Debug|Any CPU
		Debug|ARM = Debug|ARM
		Debug|iPhone = Debug|iPhone
		Debug|iPhoneSimulator = Debug|iPhoneSimulator
		Debug|x64 = Debug|x64
		Debug|x86 = Debug|x86
		Release|Any CPU = Release|Any CPU
		Release|ARM = Release|ARM
		Release|iPhone = Release|iPhone
		Release|iPhoneSimulator = Release|iPhoneSimulator
		Release|x64 = Release|x64
		Release|x86 = Release|x86
	EndGlobalSection
	GlobalSection(ProjectConfigurationPlatforms) = postSolution
		{8B9BE5C2-06F8-4D28-86EC-D157A2B20085}.Ad-Hoc|Any CPU.ActiveCfg = Release|Any CPU
		{8B9BE5C2-06F8-4D28-86EC-D157A2B20085}.Ad-Hoc|Any CPU.Build.0 = Release|Any CPU
		{8B9BE5C2-06F8-4D28-86EC-D157A2B20085}.Ad-Hoc|Any CPU.Deploy.0 = Release|Any CPU
		{8B9BE5C2-06F8-4D28-86EC-D157A2B20085}.Ad-Hoc|ARM.ActiveCfg = Release|Any CPU
		{8B9BE5C2-06F8-4D28-86EC-D157A2B20085}.Ad-Hoc|ARM.Build.0 = Release|Any CPU
		{8B9BE5C2-06F8-4D28-86EC-D157A2B20085}.Ad-Hoc|ARM.Deploy.0 = Release|Any CPU
		{8B9BE5C2-06F8-4D28-86EC-D157A2B20085}.Ad-Hoc|iPhone.ActiveCfg = Release|Any CPU
		{8B9BE5C2-06F8-4D28-86EC-D157A2B20085}.Ad-Hoc|iPhone.Build.0 = Release|Any CPU
		{8B9BE5C2-06F8-4D28-86EC-D157A2B20085}.Ad-Hoc|iPhone.Deploy.0 = Release|Any CPU
		{8B9BE5C2-06F8-4D28-86EC-D157A2B20085}.Ad-Hoc|iPhoneSimulator.ActiveCfg = Release|Any CPU
		{8B9BE5C2-06F8-4D28-86EC-D157A2B20085}.Ad-Hoc|iPhoneSimulator.Build.0 = Release|Any CPU
		{8B9BE5C2-06F8-4D28-86EC-D157A2B20085}.Ad-Hoc|iPhoneSimulator.Deploy.0 = Release|Any CPU
		{8B9BE5C2-06F8-4D28-86EC-D157A2B20085}.Ad-Hoc|x64.ActiveCfg = Release|Any CPU
		{8B9BE5C2-06F8-4D28-86EC-D157A2B20085}.Ad-Hoc|x64.Build.0 = Release|Any CPU
		{8B9BE5C2-06F8-4D28-86EC-D157A2B20085}.Ad-Hoc|x64.Deploy.0 = Release|Any CPU
		{8B9BE5C2-06F8-4D28-86EC-D157A2B20085}.Ad-Hoc|x86.ActiveCfg = Release|Any CPU
		{8B9BE5C2-06F8-4D28-86EC-D157A2B20085}.Ad-Hoc|x86.Build.0 = Release|Any CPU
		{8B9BE5C2-06F8-4D28-86EC-D157A2B20085}.Ad-Hoc|x86.Deploy.0 = Release|Any CPU
		{8B9BE5C2-06F8-4D28-86EC-D157A2B20085}.AppStore|Any CPU.ActiveCfg = Release|Any CPU
		{8B9BE5C2-06F8-4D28-86EC-D157A2B20085}.AppStore|Any CPU.Build.0 = Release|Any CPU
		{8B9BE5C2-06F8-4D28-86EC-D157A2B20085}.AppStore|Any CPU.Deploy.0 = Release|Any CPU
		{8B9BE5C2-06F8-4D28-86EC-D157A2B20085}.AppStore|ARM.ActiveCfg = Release|Any CPU
		{8B9BE5C2-06F8-4D28-86EC-D157A2B20085}.AppStore|ARM.Build.0 = Release|Any CPU
		{8B9BE5C2-06F8-4D28-86EC-D157A2B20085}.AppStore|ARM.Deploy.0 = Release|Any CPU
		{8B9BE5C2-06F8-4D28-86EC-D157A2B20085}.AppStore|iPhone.ActiveCfg = Release|Any CPU
		{8B9BE5C2-06F8-4D28-86EC-D157A2B20085}.AppStore|iPhone.Build.0 = Release|Any CPU
		{8B9BE5C2-06F8-4D28-86EC-D157A2B20085}.AppStore|iPhone.Deploy.0 = Release|Any CPU
		{8B9BE5C2-06F8-4D28-86EC-D157A2B20085}.AppStore|iPhoneSimulator.ActiveCfg = Release|Any CPU
		{8B9BE5C2-06F8-4D28-86EC-D157A2B20085}.AppStore|iPhoneSimulator.Build.0 = Release|Any CPU
		{8B9BE5C2-06F8-4D28-86EC-D157A2B20085}.AppStore|iPhoneSimulator.Deploy.0 = Release|Any CPU
		{8B9BE5C2-06F8-4D28-86EC-D157A2B20085}.AppStore|x64.ActiveCfg = Release|Any CPU
		{8B9BE5C2-06F8-4D28-86EC-D157A2B20085}.AppStore|x64.Build.0 = Release|Any CPU
		{8B9BE5C2-06F8-4D28-86EC-D157A2B20085}.AppStore|x64.Deploy.0 = Release|Any CPU
		{8B9BE5C2-06F8-4D28-86EC-D157A2B20085}.AppStore|x86.ActiveCfg = Release|Any CPU
		{8B9BE5C2-06F8-4D28-86EC-D157A2B20085}.AppStore|x86.Build.0 = Release|Any CPU
		{8B9BE5C2-06F8-4D28-86EC-D157A2B20085}.AppStore|x86.Deploy.0 = Release|Any CPU
		{8B9BE5C2-06F8-4D28-86EC-D157A2B20085}.Debug|Any CPU.ActiveCfg = Debug|Any CPU
		{8B9BE5C2-06F8-4D28-86EC-D157A2B20085}.Debug|Any CPU.Build.0 = Debug|Any CPU
		{8B9BE5C2-06F8-4D28-86EC-D157A2B20085}.Debug|Any CPU.Deploy.0 = Debug|Any CPU
		{8B9BE5C2-06F8-4D28-86EC-D157A2B20085}.Debug|ARM.ActiveCfg = Debug|Any CPU
		{8B9BE5C2-06F8-4D28-86EC-D157A2B20085}.Debug|ARM.Build.0 = Debug|Any CPU
		{8B9BE5C2-06F8-4D28-86EC-D157A2B20085}.Debug|ARM.Deploy.0 = Debug|Any CPU
		{8B9BE5C2-06F8-4D28-86EC-D157A2B20085}.Debug|iPhone.ActiveCfg = Debug|Any CPU
		{8B9BE5C2-06F8-4D28-86EC-D157A2B20085}.Debug|iPhone.Build.0 = Debug|Any CPU
		{8B9BE5C2-06F8-4D28-86EC-D157A2B20085}.Debug|iPhone.Deploy.0 = Debug|Any CPU
		{8B9BE5C2-06F8-4D28-86EC-D157A2B20085}.Debug|iPhoneSimulator.ActiveCfg = Debug|Any CPU
		{8B9BE5C2-06F8-4D28-86EC-D157A2B20085}.Debug|iPhoneSimulator.Build.0 = Debug|Any CPU
		{8B9BE5C2-06F8-4D28-86EC-D157A2B20085}.Debug|iPhoneSimulator.Deploy.0 = Debug|Any CPU
		{8B9BE5C2-06F8-4D28-86EC-D157A2B20085}.Debug|x64.ActiveCfg = Debug|Any CPU
		{8B9BE5C2-06F8-4D28-86EC-D157A2B20085}.Debug|x64.Build.0 = Debug|Any CPU
		{8B9BE5C2-06F8-4D28-86EC-D157A2B20085}.Debug|x64.Deploy.0 = Debug|Any CPU
		{8B9BE5C2-06F8-4D28-86EC-D157A2B20085}.Debug|x86.ActiveCfg = Debug|Any CPU
		{8B9BE5C2-06F8-4D28-86EC-D157A2B20085}.Debug|x86.Build.0 = Debug|Any CPU
		{8B9BE5C2-06F8-4D28-86EC-D157A2B20085}.Debug|x86.Deploy.0 = Debug|Any CPU
		{8B9BE5C2-06F8-4D28-86EC-D157A2B20085}.Release|Any CPU.ActiveCfg = Release|Any CPU
		{8B9BE5C2-06F8-4D28-86EC-D157A2B20085}.Release|Any CPU.Build.0 = Release|Any CPU
		{8B9BE5C2-06F8-4D28-86EC-D157A2B20085}.Release|Any CPU.Deploy.0 = Release|Any CPU
		{8B9BE5C2-06F8-4D28-86EC-D157A2B20085}.Release|ARM.ActiveCfg = Release|Any CPU
		{8B9BE5C2-06F8-4D28-86EC-D157A2B20085}.Release|ARM.Build.0 = Release|Any CPU
		{8B9BE5C2-06F8-4D28-86EC-D157A2B20085}.Release|ARM.Deploy.0 = Release|Any CPU
		{8B9BE5C2-06F8-4D28-86EC-D157A2B20085}.Release|iPhone.ActiveCfg = Release|Any CPU
		{8B9BE5C2-06F8-4D28-86EC-D157A2B20085}.Release|iPhone.Build.0 = Release|Any CPU
		{8B9BE5C2-06F8-4D28-86EC-D157A2B20085}.Release|iPhone.Deploy.0 = Release|Any CPU
		{8B9BE5C2-06F8-4D28-86EC-D157A2B20085}.Release|iPhoneSimulator.ActiveCfg = Release|Any CPU
		{8B9BE5C2-06F8-4D28-86EC-D157A2B20085}.Release|iPhoneSimulator.Build.0 = Release|Any CPU
		{8B9BE5C2-06F8-4D28-86EC-D157A2B20085}.Release|iPhoneSimulator.Deploy.0 = Release|Any CPU
		{8B9BE5C2-06F8-4D28-86EC-D157A2B20085}.Release|x64.ActiveCfg = Release|Any CPU
		{8B9BE5C2-06F8-4D28-86EC-D157A2B20085}.Release|x64.Build.0 = Release|Any CPU
		{8B9BE5C2-06F8-4D28-86EC-D157A2B20085}.Release|x64.Deploy.0 = Release|Any CPU
		{8B9BE5C2-06F8-4D28-86EC-D157A2B20085}.Release|x86.ActiveCfg = Release|Any CPU
		{8B9BE5C2-06F8-4D28-86EC-D157A2B20085}.Release|x86.Build.0 = Release|Any CPU
		{8B9BE5C2-06F8-4D28-86EC-D157A2B20085}.Release|x86.Deploy.0 = Release|Any CPU
		{8D2605BA-F4B9-4583-A2AA-5E0C34320953}.Ad-Hoc|Any CPU.ActiveCfg = Ad-Hoc|iPhone
		{8D2605BA-F4B9-4583-A2AA-5E0C34320953}.Ad-Hoc|ARM.ActiveCfg = Ad-Hoc|iPhone
		{8D2605BA-F4B9-4583-A2AA-5E0C34320953}.Ad-Hoc|iPhone.ActiveCfg = Ad-Hoc|iPhone
		{8D2605BA-F4B9-4583-A2AA-5E0C34320953}.Ad-Hoc|iPhone.Build.0 = Ad-Hoc|iPhone
		{8D2605BA-F4B9-4583-A2AA-5E0C34320953}.Ad-Hoc|iPhoneSimulator.ActiveCfg = Ad-Hoc|iPhoneSimulator
		{8D2605BA-F4B9-4583-A2AA-5E0C34320953}.Ad-Hoc|iPhoneSimulator.Build.0 = Ad-Hoc|iPhoneSimulator
		{8D2605BA-F4B9-4583-A2AA-5E0C34320953}.Ad-Hoc|x64.ActiveCfg = Ad-Hoc|iPhone
		{8D2605BA-F4B9-4583-A2AA-5E0C34320953}.Ad-Hoc|x86.ActiveCfg = Ad-Hoc|iPhone
		{8D2605BA-F4B9-4583-A2AA-5E0C34320953}.AppStore|Any CPU.ActiveCfg = AppStore|iPhone
		{8D2605BA-F4B9-4583-A2AA-5E0C34320953}.AppStore|ARM.ActiveCfg = AppStore|iPhone
		{8D2605BA-F4B9-4583-A2AA-5E0C34320953}.AppStore|iPhone.ActiveCfg = AppStore|iPhone
		{8D2605BA-F4B9-4583-A2AA-5E0C34320953}.AppStore|iPhone.Build.0 = AppStore|iPhone
		{8D2605BA-F4B9-4583-A2AA-5E0C34320953}.AppStore|iPhoneSimulator.ActiveCfg = AppStore|iPhoneSimulator
		{8D2605BA-F4B9-4583-A2AA-5E0C34320953}.AppStore|iPhoneSimulator.Build.0 = AppStore|iPhoneSimulator
		{8D2605BA-F4B9-4583-A2AA-5E0C34320953}.AppStore|x64.ActiveCfg = AppStore|iPhone
		{8D2605BA-F4B9-4583-A2AA-5E0C34320953}.AppStore|x86.ActiveCfg = AppStore|iPhone
		{8D2605BA-F4B9-4583-A2AA-5E0C34320953}.Debug|Any CPU.ActiveCfg = Debug|iPhone
		{8D2605BA-F4B9-4583-A2AA-5E0C34320953}.Debug|ARM.ActiveCfg = Debug|iPhone
		{8D2605BA-F4B9-4583-A2AA-5E0C34320953}.Debug|iPhone.ActiveCfg = Debug|iPhone
		{8D2605BA-F4B9-4583-A2AA-5E0C34320953}.Debug|iPhone.Build.0 = Debug|iPhone
		{8D2605BA-F4B9-4583-A2AA-5E0C34320953}.Debug|iPhoneSimulator.ActiveCfg = Debug|iPhoneSimulator
		{8D2605BA-F4B9-4583-A2AA-5E0C34320953}.Debug|iPhoneSimulator.Build.0 = Debug|iPhoneSimulator
		{8D2605BA-F4B9-4583-A2AA-5E0C34320953}.Debug|x64.ActiveCfg = Debug|iPhone
		{8D2605BA-F4B9-4583-A2AA-5E0C34320953}.Debug|x86.ActiveCfg = Debug|iPhone
		{8D2605BA-F4B9-4583-A2AA-5E0C34320953}.Release|Any CPU.ActiveCfg = Release|iPhone
		{8D2605BA-F4B9-4583-A2AA-5E0C34320953}.Release|ARM.ActiveCfg = Release|iPhone
		{8D2605BA-F4B9-4583-A2AA-5E0C34320953}.Release|iPhone.ActiveCfg = Release|iPhone
		{8D2605BA-F4B9-4583-A2AA-5E0C34320953}.Release|iPhone.Build.0 = Release|iPhone
		{8D2605BA-F4B9-4583-A2AA-5E0C34320953}.Release|iPhoneSimulator.ActiveCfg = Release|iPhoneSimulator
		{8D2605BA-F4B9-4583-A2AA-5E0C34320953}.Release|iPhoneSimulator.Build.0 = Release|iPhoneSimulator
		{8D2605BA-F4B9-4583-A2AA-5E0C34320953}.Release|x64.ActiveCfg = Release|iPhone
		{8D2605BA-F4B9-4583-A2AA-5E0C34320953}.Release|x86.ActiveCfg = Release|iPhone
		{F17C347E-2511-4DA6-9655-4480ECD6849B}.Ad-Hoc|Any CPU.ActiveCfg = Release|x86
		{F17C347E-2511-4DA6-9655-4480ECD6849B}.Ad-Hoc|Any CPU.Build.0 = Release|x86
		{F17C347E-2511-4DA6-9655-4480ECD6849B}.Ad-Hoc|Any CPU.Deploy.0 = Release|x86
		{F17C347E-2511-4DA6-9655-4480ECD6849B}.Ad-Hoc|ARM.ActiveCfg = Release|ARM
		{F17C347E-2511-4DA6-9655-4480ECD6849B}.Ad-Hoc|ARM.Build.0 = Release|ARM
		{F17C347E-2511-4DA6-9655-4480ECD6849B}.Ad-Hoc|ARM.Deploy.0 = Release|ARM
		{F17C347E-2511-4DA6-9655-4480ECD6849B}.Ad-Hoc|iPhone.ActiveCfg = Release|x86
		{F17C347E-2511-4DA6-9655-4480ECD6849B}.Ad-Hoc|iPhone.Build.0 = Release|x86
		{F17C347E-2511-4DA6-9655-4480ECD6849B}.Ad-Hoc|iPhone.Deploy.0 = Release|x86
		{F17C347E-2511-4DA6-9655-4480ECD6849B}.Ad-Hoc|iPhoneSimulator.ActiveCfg = Release|x86
		{F17C347E-2511-4DA6-9655-4480ECD6849B}.Ad-Hoc|iPhoneSimulator.Build.0 = Release|x86
		{F17C347E-2511-4DA6-9655-4480ECD6849B}.Ad-Hoc|iPhoneSimulator.Deploy.0 = Release|x86
		{F17C347E-2511-4DA6-9655-4480ECD6849B}.Ad-Hoc|x64.ActiveCfg = Release|x64
		{F17C347E-2511-4DA6-9655-4480ECD6849B}.Ad-Hoc|x64.Build.0 = Release|x64
		{F17C347E-2511-4DA6-9655-4480ECD6849B}.Ad-Hoc|x64.Deploy.0 = Release|x64
		{F17C347E-2511-4DA6-9655-4480ECD6849B}.Ad-Hoc|x86.ActiveCfg = Release|x86
		{F17C347E-2511-4DA6-9655-4480ECD6849B}.Ad-Hoc|x86.Build.0 = Release|x86
		{F17C347E-2511-4DA6-9655-4480ECD6849B}.Ad-Hoc|x86.Deploy.0 = Release|x86
		{F17C347E-2511-4DA6-9655-4480ECD6849B}.AppStore|Any CPU.ActiveCfg = Release|x86
		{F17C347E-2511-4DA6-9655-4480ECD6849B}.AppStore|Any CPU.Build.0 = Release|x86
		{F17C347E-2511-4DA6-9655-4480ECD6849B}.AppStore|Any CPU.Deploy.0 = Release|x86
		{F17C347E-2511-4DA6-9655-4480ECD6849B}.AppStore|ARM.ActiveCfg = Release|ARM
		{F17C347E-2511-4DA6-9655-4480ECD6849B}.AppStore|ARM.Build.0 = Release|ARM
		{F17C347E-2511-4DA6-9655-4480ECD6849B}.AppStore|ARM.Deploy.0 = Release|ARM
		{F17C347E-2511-4DA6-9655-4480ECD6849B}.AppStore|iPhone.ActiveCfg = Release|x86
		{F17C347E-2511-4DA6-9655-4480ECD6849B}.AppStore|iPhone.Build.0 = Release|x86
		{F17C347E-2511-4DA6-9655-4480ECD6849B}.AppStore|iPhone.Deploy.0 = Release|x86
		{F17C347E-2511-4DA6-9655-4480ECD6849B}.AppStore|iPhoneSimulator.ActiveCfg = Release|x86
		{F17C347E-2511-4DA6-9655-4480ECD6849B}.AppStore|iPhoneSimulator.Build.0 = Release|x86
		{F17C347E-2511-4DA6-9655-4480ECD6849B}.AppStore|iPhoneSimulator.Deploy.0 = Release|x86
		{F17C347E-2511-4DA6-9655-4480ECD6849B}.AppStore|x64.ActiveCfg = Release|x64
		{F17C347E-2511-4DA6-9655-4480ECD6849B}.AppStore|x64.Build.0 = Release|x64
		{F17C347E-2511-4DA6-9655-4480ECD6849B}.AppStore|x64.Deploy.0 = Release|x64
		{F17C347E-2511-4DA6-9655-4480ECD6849B}.AppStore|x86.ActiveCfg = Release|x86
		{F17C347E-2511-4DA6-9655-4480ECD6849B}.AppStore|x86.Build.0 = Release|x86
		{F17C347E-2511-4DA6-9655-4480ECD6849B}.AppStore|x86.Deploy.0 = Release|x86
		{F17C347E-2511-4DA6-9655-4480ECD6849B}.Debug|Any CPU.ActiveCfg = Debug|x86
		{F17C347E-2511-4DA6-9655-4480ECD6849B}.Debug|ARM.ActiveCfg = Debug|ARM
		{F17C347E-2511-4DA6-9655-4480ECD6849B}.Debug|ARM.Build.0 = Debug|ARM
		{F17C347E-2511-4DA6-9655-4480ECD6849B}.Debug|ARM.Deploy.0 = Debug|ARM
		{F17C347E-2511-4DA6-9655-4480ECD6849B}.Debug|iPhone.ActiveCfg = Debug|x86
		{F17C347E-2511-4DA6-9655-4480ECD6849B}.Debug|iPhoneSimulator.ActiveCfg = Debug|x86
		{F17C347E-2511-4DA6-9655-4480ECD6849B}.Debug|x64.ActiveCfg = Debug|x64
		{F17C347E-2511-4DA6-9655-4480ECD6849B}.Debug|x64.Build.0 = Debug|x64
		{F17C347E-2511-4DA6-9655-4480ECD6849B}.Debug|x64.Deploy.0 = Debug|x64
		{F17C347E-2511-4DA6-9655-4480ECD6849B}.Debug|x86.ActiveCfg = Debug|x86
		{F17C347E-2511-4DA6-9655-4480ECD6849B}.Debug|x86.Build.0 = Debug|x86
		{F17C347E-2511-4DA6-9655-4480ECD6849B}.Debug|x86.Deploy.0 = Debug|x86
		{F17C347E-2511-4DA6-9655-4480ECD6849B}.Release|Any CPU.ActiveCfg = Release|x86
		{F17C347E-2511-4DA6-9655-4480ECD6849B}.Release|ARM.ActiveCfg = Release|ARM
		{F17C347E-2511-4DA6-9655-4480ECD6849B}.Release|ARM.Build.0 = Release|ARM
		{F17C347E-2511-4DA6-9655-4480ECD6849B}.Release|ARM.Deploy.0 = Release|ARM
		{F17C347E-2511-4DA6-9655-4480ECD6849B}.Release|iPhone.ActiveCfg = Release|x86
		{F17C347E-2511-4DA6-9655-4480ECD6849B}.Release|iPhoneSimulator.ActiveCfg = Release|x86
		{F17C347E-2511-4DA6-9655-4480ECD6849B}.Release|x64.ActiveCfg = Release|x64
		{F17C347E-2511-4DA6-9655-4480ECD6849B}.Release|x64.Build.0 = Release|x64
		{F17C347E-2511-4DA6-9655-4480ECD6849B}.Release|x64.Deploy.0 = Release|x64
		{F17C347E-2511-4DA6-9655-4480ECD6849B}.Release|x86.ActiveCfg = Release|x86
		{F17C347E-2511-4DA6-9655-4480ECD6849B}.Release|x86.Build.0 = Release|x86
		{F17C347E-2511-4DA6-9655-4480ECD6849B}.Release|x86.Deploy.0 = Release|x86
		{66F4F133-7472-471C-933C-A7DBDDFC7503}.Ad-Hoc|Any CPU.ActiveCfg = Debug|Any CPU
		{66F4F133-7472-471C-933C-A7DBDDFC7503}.Ad-Hoc|Any CPU.Build.0 = Debug|Any CPU
		{66F4F133-7472-471C-933C-A7DBDDFC7503}.Ad-Hoc|ARM.ActiveCfg = Debug|Any CPU
		{66F4F133-7472-471C-933C-A7DBDDFC7503}.Ad-Hoc|ARM.Build.0 = Debug|Any CPU
		{66F4F133-7472-471C-933C-A7DBDDFC7503}.Ad-Hoc|iPhone.ActiveCfg = Debug|Any CPU
		{66F4F133-7472-471C-933C-A7DBDDFC7503}.Ad-Hoc|iPhone.Build.0 = Debug|Any CPU
		{66F4F133-7472-471C-933C-A7DBDDFC7503}.Ad-Hoc|iPhoneSimulator.ActiveCfg = Debug|Any CPU
		{66F4F133-7472-471C-933C-A7DBDDFC7503}.Ad-Hoc|iPhoneSimulator.Build.0 = Debug|Any CPU
		{66F4F133-7472-471C-933C-A7DBDDFC7503}.Ad-Hoc|x64.ActiveCfg = Debug|Any CPU
		{66F4F133-7472-471C-933C-A7DBDDFC7503}.Ad-Hoc|x64.Build.0 = Debug|Any CPU
		{66F4F133-7472-471C-933C-A7DBDDFC7503}.Ad-Hoc|x86.ActiveCfg = Debug|Any CPU
		{66F4F133-7472-471C-933C-A7DBDDFC7503}.Ad-Hoc|x86.Build.0 = Debug|Any CPU
		{66F4F133-7472-471C-933C-A7DBDDFC7503}.AppStore|Any CPU.ActiveCfg = Debug|Any CPU
		{66F4F133-7472-471C-933C-A7DBDDFC7503}.AppStore|Any CPU.Build.0 = Debug|Any CPU
		{66F4F133-7472-471C-933C-A7DBDDFC7503}.AppStore|ARM.ActiveCfg = Debug|Any CPU
		{66F4F133-7472-471C-933C-A7DBDDFC7503}.AppStore|ARM.Build.0 = Debug|Any CPU
		{66F4F133-7472-471C-933C-A7DBDDFC7503}.AppStore|iPhone.ActiveCfg = Debug|Any CPU
		{66F4F133-7472-471C-933C-A7DBDDFC7503}.AppStore|iPhone.Build.0 = Debug|Any CPU
		{66F4F133-7472-471C-933C-A7DBDDFC7503}.AppStore|iPhoneSimulator.ActiveCfg = Debug|Any CPU
		{66F4F133-7472-471C-933C-A7DBDDFC7503}.AppStore|iPhoneSimulator.Build.0 = Debug|Any CPU
		{66F4F133-7472-471C-933C-A7DBDDFC7503}.AppStore|x64.ActiveCfg = Debug|Any CPU
		{66F4F133-7472-471C-933C-A7DBDDFC7503}.AppStore|x64.Build.0 = Debug|Any CPU
		{66F4F133-7472-471C-933C-A7DBDDFC7503}.AppStore|x86.ActiveCfg = Debug|Any CPU
		{66F4F133-7472-471C-933C-A7DBDDFC7503}.AppStore|x86.Build.0 = Debug|Any CPU
		{66F4F133-7472-471C-933C-A7DBDDFC7503}.Debug|Any CPU.ActiveCfg = Debug|Any CPU
		{66F4F133-7472-471C-933C-A7DBDDFC7503}.Debug|Any CPU.Build.0 = Debug|Any CPU
		{66F4F133-7472-471C-933C-A7DBDDFC7503}.Debug|ARM.ActiveCfg = Debug|Any CPU
		{66F4F133-7472-471C-933C-A7DBDDFC7503}.Debug|ARM.Build.0 = Debug|Any CPU
		{66F4F133-7472-471C-933C-A7DBDDFC7503}.Debug|iPhone.ActiveCfg = Debug|Any CPU
		{66F4F133-7472-471C-933C-A7DBDDFC7503}.Debug|iPhone.Build.0 = Debug|Any CPU
		{66F4F133-7472-471C-933C-A7DBDDFC7503}.Debug|iPhoneSimulator.ActiveCfg = Debug|Any CPU
		{66F4F133-7472-471C-933C-A7DBDDFC7503}.Debug|iPhoneSimulator.Build.0 = Debug|Any CPU
		{66F4F133-7472-471C-933C-A7DBDDFC7503}.Debug|x64.ActiveCfg = Debug|Any CPU
		{66F4F133-7472-471C-933C-A7DBDDFC7503}.Debug|x64.Build.0 = Debug|Any CPU
		{66F4F133-7472-471C-933C-A7DBDDFC7503}.Debug|x86.ActiveCfg = Debug|Any CPU
		{66F4F133-7472-471C-933C-A7DBDDFC7503}.Debug|x86.Build.0 = Debug|Any CPU
		{66F4F133-7472-471C-933C-A7DBDDFC7503}.Release|Any CPU.ActiveCfg = Release|Any CPU
		{66F4F133-7472-471C-933C-A7DBDDFC7503}.Release|Any CPU.Build.0 = Release|Any CPU
		{66F4F133-7472-471C-933C-A7DBDDFC7503}.Release|ARM.ActiveCfg = Release|Any CPU
		{66F4F133-7472-471C-933C-A7DBDDFC7503}.Release|ARM.Build.0 = Release|Any CPU
		{66F4F133-7472-471C-933C-A7DBDDFC7503}.Release|iPhone.ActiveCfg = Release|Any CPU
		{66F4F133-7472-471C-933C-A7DBDDFC7503}.Release|iPhone.Build.0 = Release|Any CPU
		{66F4F133-7472-471C-933C-A7DBDDFC7503}.Release|iPhoneSimulator.ActiveCfg = Release|Any CPU
		{66F4F133-7472-471C-933C-A7DBDDFC7503}.Release|iPhoneSimulator.Build.0 = Release|Any CPU
		{66F4F133-7472-471C-933C-A7DBDDFC7503}.Release|x64.ActiveCfg = Release|Any CPU
		{66F4F133-7472-471C-933C-A7DBDDFC7503}.Release|x64.Build.0 = Release|Any CPU
		{66F4F133-7472-471C-933C-A7DBDDFC7503}.Release|x86.ActiveCfg = Release|Any CPU
		{66F4F133-7472-471C-933C-A7DBDDFC7503}.Release|x86.Build.0 = Release|Any CPU
	EndGlobalSection
	GlobalSection(SolutionProperties) = preSolution
		HideSolutionNode = FALSE
	EndGlobalSection
	GlobalSection(ExtensibilityGlobals) = postSolution
		SolutionGuid = {6F6C0E35-4E1E-459F-9500-2683B0F8EFB4}
	EndGlobalSection
EndGlobal
