
Microsoft Visual Studio Solution File, Format Version 12.00
# Visual Studio 15
VisualStudioVersion = 15.0.27323.2
MinimumVisualStudioVersion = 10.0.40219.1
Project("{FAE04EC0-301F-11D3-BF4B-00C04F79EFBC}") = "NetStatus.App.Android", "NetStatus.App\NetStatus.App.Android\NetStatus.App.Android.csproj", "{38EE34CD-14B3-4CA9-BDCA-E773936E1D5F}"
EndProject
Project("{FAE04EC0-301F-11D3-BF4B-00C04F79EFBC}") = "NetStatus.App.iOS", "NetStatus.App\NetStatus.App.iOS\NetStatus.App.iOS.csproj", "{4E5B7852-02BE-483E-A2F5-03F250F1CA84}"
EndProject
Project("{FAE04EC0-301F-11D3-BF4B-00C04F79EFBC}") = "NetStatus.App.UWP", "NetStatus.App\NetStatus.App.UWP\NetStatus.App.UWP.csproj", "{FACBF988-1E71-4A11-9B05-55723B7006D9}"
EndProject
Project("{FAE04EC0-301F-11D3-BF4B-00C04F79EFBC}") = "NetStatus.App", "NetStatus.App\NetStatus.App\NetStatus.App.csproj", "{CBEAD8C7-57E2-46B1-8718-67EA54AD6307}"
EndProject
Global
	GlobalSection(SolutionConfigurationPlatforms) = preSolution
		Ad-Hoc|Any CPU = Ad-Hoc|Any CPU
		Ad-Hoc|ARM = Ad-Hoc|ARM
		Ad-Hoc|iPhone = Ad-Hoc|iPhone
		Ad-Hoc|iPhoneSimulator = Ad-Hoc|iPhoneSimulator
		Ad-Hoc|x64 = Ad-Hoc|x64
		Ad-Hoc|x86 = Ad-Hoc|x86
		AppStore|Any CPU = AppStore|Any CPU
		AppStore|ARM = AppStore|ARM
		AppStore|iPhone = AppStore|iPhone
		AppStore|iPhoneSimulator = AppStore|iPhoneSimulator
		AppStore|x64 = AppStore|x64
		AppStore|x86 = AppStore|x86
		Debug|Any CPU = Debug|Any CPU
		Debug|ARM = Debug|ARM
		Debug|iPhone = Debug|iPhone
		Debug|iPhoneSimulator = Debug|iPhoneSimulator
		Debug|x64 = Debug|x64
		Debug|x86 = Debug|x86
		Release|Any CPU = Release|Any CPU
		Release|ARM = Release|ARM
		Release|iPhone = Release|iPhone
		Release|iPhoneSimulator = Release|iPhoneSimulator
		Release|x64 = Release|x64
		Release|x86 = Release|x86
	EndGlobalSection
	GlobalSection(ProjectConfigurationPlatforms) = postSolution
		{38EE34CD-14B3-4CA9-BDCA-E773936E1D5F}.Ad-Hoc|Any CPU.ActiveCfg = Release|Any CPU
		{38EE34CD-14B3-4CA9-BDCA-E773936E1D5F}.Ad-Hoc|Any CPU.Build.0 = Release|Any CPU
		{38EE34CD-14B3-4CA9-BDCA-E773936E1D5F}.Ad-Hoc|Any CPU.Deploy.0 = Release|Any CPU
		{38EE34CD-14B3-4CA9-BDCA-E773936E1D5F}.Ad-Hoc|ARM.ActiveCfg = Release|Any CPU
		{38EE34CD-14B3-4CA9-BDCA-E773936E1D5F}.Ad-Hoc|ARM.Build.0 = Release|Any CPU
		{38EE34CD-14B3-4CA9-BDCA-E773936E1D5F}.Ad-Hoc|ARM.Deploy.0 = Release|Any CPU
		{38EE34CD-14B3-4CA9-BDCA-E773936E1D5F}.Ad-Hoc|iPhone.ActiveCfg = Release|Any CPU
		{38EE34CD-14B3-4CA9-BDCA-E773936E1D5F}.Ad-Hoc|iPhone.Build.0 = Release|Any CPU
		{38EE34CD-14B3-4CA9-BDCA-E773936E1D5F}.Ad-Hoc|iPhone.Deploy.0 = Release|Any CPU
		{38EE34CD-14B3-4CA9-BDCA-E773936E1D5F}.Ad-Hoc|iPhoneSimulator.ActiveCfg = Release|Any CPU
		{38EE34CD-14B3-4CA9-BDCA-E773936E1D5F}.Ad-Hoc|iPhoneSimulator.Build.0 = Release|Any CPU
		{38EE34CD-14B3-4CA9-BDCA-E773936E1D5F}.Ad-Hoc|iPhoneSimulator.Deploy.0 = Release|Any CPU
		{38EE34CD-14B3-4CA9-BDCA-E773936E1D5F}.Ad-Hoc|x64.ActiveCfg = Release|Any CPU
		{38EE34CD-14B3-4CA9-BDCA-E773936E1D5F}.Ad-Hoc|x64.Build.0 = Release|Any CPU
		{38EE34CD-14B3-4CA9-BDCA-E773936E1D5F}.Ad-Hoc|x64.Deploy.0 = Release|Any CPU
		{38EE34CD-14B3-4CA9-BDCA-E773936E1D5F}.Ad-Hoc|x86.ActiveCfg = Release|Any CPU
		{38EE34CD-14B3-4CA9-BDCA-E773936E1D5F}.Ad-Hoc|x86.Build.0 = Release|Any CPU
		{38EE34CD-14B3-4CA9-BDCA-E773936E1D5F}.Ad-Hoc|x86.Deploy.0 = Release|Any CPU
		{38EE34CD-14B3-4CA9-BDCA-E773936E1D5F}.AppStore|Any CPU.ActiveCfg = Release|Any CPU
		{38EE34CD-14B3-4CA9-BDCA-E773936E1D5F}.AppStore|Any CPU.Build.0 = Release|Any CPU
		{38EE34CD-14B3-4CA9-BDCA-E773936E1D5F}.AppStore|Any CPU.Deploy.0 = Release|Any CPU
		{38EE34CD-14B3-4CA9-BDCA-E773936E1D5F}.AppStore|ARM.ActiveCfg = Release|Any CPU
		{38EE34CD-14B3-4CA9-BDCA-E773936E1D5F}.AppStore|ARM.Build.0 = Release|Any CPU
		{38EE34CD-14B3-4CA9-BDCA-E773936E1D5F}.AppStore|ARM.Deploy.0 = Release|Any CPU
		{38EE34CD-14B3-4CA9-BDCA-E773936E1D5F}.AppStore|iPhone.ActiveCfg = Release|Any CPU
		{38EE34CD-14B3-4CA9-BDCA-E773936E1D5F}.AppStore|iPhone.Build.0 = Release|Any CPU
		{38EE34CD-14B3-4CA9-BDCA-E773936E1D5F}.AppStore|iPhone.Deploy.0 = Release|Any CPU
		{38EE34CD-14B3-4CA9-BDCA-E773936E1D5F}.AppStore|iPhoneSimulator.ActiveCfg = Release|Any CPU
		{38EE34CD-14B3-4CA9-BDCA-E773936E1D5F}.AppStore|iPhoneSimulator.Build.0 = Release|Any CPU
		{38EE34CD-14B3-4CA9-BDCA-E773936E1D5F}.AppStore|iPhoneSimulator.Deploy.0 = Release|Any CPU
		{38EE34CD-14B3-4CA9-BDCA-E773936E1D5F}.AppStore|x64.ActiveCfg = Release|Any CPU
		{38EE34CD-14B3-4CA9-BDCA-E773936E1D5F}.AppStore|x64.Build.0 = Release|Any CPU
		{38EE34CD-14B3-4CA9-BDCA-E773936E1D5F}.AppStore|x64.Deploy.0 = Release|Any CPU
		{38EE34CD-14B3-4CA9-BDCA-E773936E1D5F}.AppStore|x86.ActiveCfg = Release|Any CPU
		{38EE34CD-14B3-4CA9-BDCA-E773936E1D5F}.AppStore|x86.Build.0 = Release|Any CPU
		{38EE34CD-14B3-4CA9-BDCA-E773936E1D5F}.AppStore|x86.Deploy.0 = Release|Any CPU
		{38EE34CD-14B3-4CA9-BDCA-E773936E1D5F}.Debug|Any CPU.ActiveCfg = Debug|Any CPU
		{38EE34CD-14B3-4CA9-BDCA-E773936E1D5F}.Debug|Any CPU.Build.0 = Debug|Any CPU
		{38EE34CD-14B3-4CA9-BDCA-E773936E1D5F}.Debug|Any CPU.Deploy.0 = Debug|Any CPU
		{38EE34CD-14B3-4CA9-BDCA-E773936E1D5F}.Debug|ARM.ActiveCfg = Debug|Any CPU
		{38EE34CD-14B3-4CA9-BDCA-E773936E1D5F}.Debug|ARM.Build.0 = Debug|Any CPU
		{38EE34CD-14B3-4CA9-BDCA-E773936E1D5F}.Debug|ARM.Deploy.0 = Debug|Any CPU
		{38EE34CD-14B3-4CA9-BDCA-E773936E1D5F}.Debug|iPhone.ActiveCfg = Debug|Any CPU
		{38EE34CD-14B3-4CA9-BDCA-E773936E1D5F}.Debug|iPhone.Build.0 = Debug|Any CPU
		{38EE34CD-14B3-4CA9-BDCA-E773936E1D5F}.Debug|iPhone.Deploy.0 = Debug|Any CPU
		{38EE34CD-14B3-4CA9-BDCA-E773936E1D5F}.Debug|iPhoneSimulator.ActiveCfg = Debug|Any CPU
		{38EE34CD-14B3-4CA9-BDCA-E773936E1D5F}.Debug|iPhoneSimulator.Build.0 = Debug|Any CPU
		{38EE34CD-14B3-4CA9-BDCA-E773936E1D5F}.Debug|iPhoneSimulator.Deploy.0 = Debug|Any CPU
		{38EE34CD-14B3-4CA9-BDCA-E773936E1D5F}.Debug|x64.ActiveCfg = Debug|Any CPU
		{38EE34CD-14B3-4CA9-BDCA-E773936E1D5F}.Debug|x64.Build.0 = Debug|Any CPU
		{38EE34CD-14B3-4CA9-BDCA-E773936E1D5F}.Debug|x64.Deploy.0 = Debug|Any CPU
		{38EE34CD-14B3-4CA9-BDCA-E773936E1D5F}.Debug|x86.ActiveCfg = Debug|Any CPU
		{38EE34CD-14B3-4CA9-BDCA-E773936E1D5F}.Debug|x86.Build.0 = Debug|Any CPU
		{38EE34CD-14B3-4CA9-BDCA-E773936E1D5F}.Debug|x86.Deploy.0 = Debug|Any CPU
		{38EE34CD-14B3-4CA9-BDCA-E773936E1D5F}.Release|Any CPU.ActiveCfg = Release|Any CPU
		{38EE34CD-14B3-4CA9-BDCA-E773936E1D5F}.Release|Any CPU.Build.0 = Release|Any CPU
		{38EE34CD-14B3-4CA9-BDCA-E773936E1D5F}.Release|Any CPU.Deploy.0 = Release|Any CPU
		{38EE34CD-14B3-4CA9-BDCA-E773936E1D5F}.Release|ARM.ActiveCfg = Release|Any CPU
		{38EE34CD-14B3-4CA9-BDCA-E773936E1D5F}.Release|ARM.Build.0 = Release|Any CPU
		{38EE34CD-14B3-4CA9-BDCA-E773936E1D5F}.Release|ARM.Deploy.0 = Release|Any CPU
		{38EE34CD-14B3-4CA9-BDCA-E773936E1D5F}.Release|iPhone.ActiveCfg = Release|Any CPU
		{38EE34CD-14B3-4CA9-BDCA-E773936E1D5F}.Release|iPhone.Build.0 = Release|Any CPU
		{38EE34CD-14B3-4CA9-BDCA-E773936E1D5F}.Release|iPhone.Deploy.0 = Release|Any CPU
		{38EE34CD-14B3-4CA9-BDCA-E773936E1D5F}.Release|iPhoneSimulator.ActiveCfg = Release|Any CPU
		{38EE34CD-14B3-4CA9-BDCA-E773936E1D5F}.Release|iPhoneSimulator.Build.0 = Release|Any CPU
		{38EE34CD-14B3-4CA9-BDCA-E773936E1D5F}.Release|iPhoneSimulator.Deploy.0 = Release|Any CPU
		{38EE34CD-14B3-4CA9-BDCA-E773936E1D5F}.Release|x64.ActiveCfg = Release|Any CPU
		{38EE34CD-14B3-4CA9-BDCA-E773936E1D5F}.Release|x64.Build.0 = Release|Any CPU
		{38EE34CD-14B3-4CA9-BDCA-E773936E1D5F}.Release|x64.Deploy.0 = Release|Any CPU
		{38EE34CD-14B3-4CA9-BDCA-E773936E1D5F}.Release|x86.ActiveCfg = Release|Any CPU
		{38EE34CD-14B3-4CA9-BDCA-E773936E1D5F}.Release|x86.Build.0 = Release|Any CPU
		{38EE34CD-14B3-4CA9-BDCA-E773936E1D5F}.Release|x86.Deploy.0 = Release|Any CPU
		{4E5B7852-02BE-483E-A2F5-03F250F1CA84}.Ad-Hoc|Any CPU.ActiveCfg = Ad-Hoc|iPhone
		{4E5B7852-02BE-483E-A2F5-03F250F1CA84}.Ad-Hoc|ARM.ActiveCfg = Ad-Hoc|iPhone
		{4E5B7852-02BE-483E-A2F5-03F250F1CA84}.Ad-Hoc|iPhone.ActiveCfg = Ad-Hoc|iPhone
		{4E5B7852-02BE-483E-A2F5-03F250F1CA84}.Ad-Hoc|iPhone.Build.0 = Ad-Hoc|iPhone
		{4E5B7852-02BE-483E-A2F5-03F250F1CA84}.Ad-Hoc|iPhoneSimulator.ActiveCfg = Ad-Hoc|iPhoneSimulator
		{4E5B7852-02BE-483E-A2F5-03F250F1CA84}.Ad-Hoc|iPhoneSimulator.Build.0 = Ad-Hoc|iPhoneSimulator
		{4E5B7852-02BE-483E-A2F5-03F250F1CA84}.Ad-Hoc|x64.ActiveCfg = Ad-Hoc|iPhone
		{4E5B7852-02BE-483E-A2F5-03F250F1CA84}.Ad-Hoc|x86.ActiveCfg = Ad-Hoc|iPhone
		{4E5B7852-02BE-483E-A2F5-03F250F1CA84}.AppStore|Any CPU.ActiveCfg = AppStore|iPhone
		{4E5B7852-02BE-483E-A2F5-03F250F1CA84}.AppStore|ARM.ActiveCfg = AppStore|iPhone
		{4E5B7852-02BE-483E-A2F5-03F250F1CA84}.AppStore|iPhone.ActiveCfg = AppStore|iPhone
		{4E5B7852-02BE-483E-A2F5-03F250F1CA84}.AppStore|iPhone.Build.0 = AppStore|iPhone
		{4E5B7852-02BE-483E-A2F5-03F250F1CA84}.AppStore|iPhoneSimulator.ActiveCfg = AppStore|iPhoneSimulator
		{4E5B7852-02BE-483E-A2F5-03F250F1CA84}.AppStore|iPhoneSimulator.Build.0 = AppStore|iPhoneSimulator
		{4E5B7852-02BE-483E-A2F5-03F250F1CA84}.AppStore|x64.ActiveCfg = AppStore|iPhone
		{4E5B7852-02BE-483E-A2F5-03F250F1CA84}.AppStore|x86.ActiveCfg = AppStore|iPhone
		{4E5B7852-02BE-483E-A2F5-03F250F1CA84}.Debug|Any CPU.ActiveCfg = Debug|iPhone
		{4E5B7852-02BE-483E-A2F5-03F250F1CA84}.Debug|ARM.ActiveCfg = Debug|iPhone
		{4E5B7852-02BE-483E-A2F5-03F250F1CA84}.Debug|iPhone.ActiveCfg = Debug|iPhone
		{4E5B7852-02BE-483E-A2F5-03F250F1CA84}.Debug|iPhone.Build.0 = Debug|iPhone
		{4E5B7852-02BE-483E-A2F5-03F250F1CA84}.Debug|iPhoneSimulator.ActiveCfg = Debug|iPhoneSimulator
		{4E5B7852-02BE-483E-A2F5-03F250F1CA84}.Debug|iPhoneSimulator.Build.0 = Debug|iPhoneSimulator
		{4E5B7852-02BE-483E-A2F5-03F250F1CA84}.Debug|x64.ActiveCfg = Debug|iPhone
		{4E5B7852-02BE-483E-A2F5-03F250F1CA84}.Debug|x86.ActiveCfg = Debug|iPhone
		{4E5B7852-02BE-483E-A2F5-03F250F1CA84}.Release|Any CPU.ActiveCfg = Release|iPhone
		{4E5B7852-02BE-483E-A2F5-03F250F1CA84}.Release|ARM.ActiveCfg = Release|iPhone
		{4E5B7852-02BE-483E-A2F5-03F250F1CA84}.Release|iPhone.ActiveCfg = Release|iPhone
		{4E5B7852-02BE-483E-A2F5-03F250F1CA84}.Release|iPhone.Build.0 = Release|iPhone
		{4E5B7852-02BE-483E-A2F5-03F250F1CA84}.Release|iPhoneSimulator.ActiveCfg = Release|iPhoneSimulator
		{4E5B7852-02BE-483E-A2F5-03F250F1CA84}.Release|iPhoneSimulator.Build.0 = Release|iPhoneSimulator
		{4E5B7852-02BE-483E-A2F5-03F250F1CA84}.Release|x64.ActiveCfg = Release|iPhone
		{4E5B7852-02BE-483E-A2F5-03F250F1CA84}.Release|x86.ActiveCfg = Release|iPhone
		{FACBF988-1E71-4A11-9B05-55723B7006D9}.Ad-Hoc|Any CPU.ActiveCfg = Release|x86
		{FACBF988-1E71-4A11-9B05-55723B7006D9}.Ad-Hoc|Any CPU.Build.0 = Release|x86
		{FACBF988-1E71-4A11-9B05-55723B7006D9}.Ad-Hoc|Any CPU.Deploy.0 = Release|x86
		{FACBF988-1E71-4A11-9B05-55723B7006D9}.Ad-Hoc|ARM.ActiveCfg = Release|ARM
		{FACBF988-1E71-4A11-9B05-55723B7006D9}.Ad-Hoc|ARM.Build.0 = Release|ARM
		{FACBF988-1E71-4A11-9B05-55723B7006D9}.Ad-Hoc|ARM.Deploy.0 = Release|ARM
		{FACBF988-1E71-4A11-9B05-55723B7006D9}.Ad-Hoc|iPhone.ActiveCfg = Release|x86
		{FACBF988-1E71-4A11-9B05-55723B7006D9}.Ad-Hoc|iPhone.Build.0 = Release|x86
		{FACBF988-1E71-4A11-9B05-55723B7006D9}.Ad-Hoc|iPhone.Deploy.0 = Release|x86
		{FACBF988-1E71-4A11-9B05-55723B7006D9}.Ad-Hoc|iPhoneSimulator.ActiveCfg = Release|x86
		{FACBF988-1E71-4A11-9B05-55723B7006D9}.Ad-Hoc|iPhoneSimulator.Build.0 = Release|x86
		{FACBF988-1E71-4A11-9B05-55723B7006D9}.Ad-Hoc|iPhoneSimulator.Deploy.0 = Release|x86
		{FACBF988-1E71-4A11-9B05-55723B7006D9}.Ad-Hoc|x64.ActiveCfg = Release|x64
		{FACBF988-1E71-4A11-9B05-55723B7006D9}.Ad-Hoc|x64.Build.0 = Release|x64
		{FACBF988-1E71-4A11-9B05-55723B7006D9}.Ad-Hoc|x64.Deploy.0 = Release|x64
		{FACBF988-1E71-4A11-9B05-55723B7006D9}.Ad-Hoc|x86.ActiveCfg = Release|x86
		{FACBF988-1E71-4A11-9B05-55723B7006D9}.Ad-Hoc|x86.Build.0 = Release|x86
		{FACBF988-1E71-4A11-9B05-55723B7006D9}.Ad-Hoc|x86.Deploy.0 = Release|x86
		{FACBF988-1E71-4A11-9B05-55723B7006D9}.AppStore|Any CPU.ActiveCfg = Release|x86
		{FACBF988-1E71-4A11-9B05-55723B7006D9}.AppStore|Any CPU.Build.0 = Release|x86
		{FACBF988-1E71-4A11-9B05-55723B7006D9}.AppStore|Any CPU.Deploy.0 = Release|x86
		{FACBF988-1E71-4A11-9B05-55723B7006D9}.AppStore|ARM.ActiveCfg = Release|ARM
		{FACBF988-1E71-4A11-9B05-55723B7006D9}.AppStore|ARM.Build.0 = Release|ARM
		{FACBF988-1E71-4A11-9B05-55723B7006D9}.AppStore|ARM.Deploy.0 = Release|ARM
		{FACBF988-1E71-4A11-9B05-55723B7006D9}.AppStore|iPhone.ActiveCfg = Release|x86
		{FACBF988-1E71-4A11-9B05-55723B7006D9}.AppStore|iPhone.Build.0 = Release|x86
		{FACBF988-1E71-4A11-9B05-55723B7006D9}.AppStore|iPhone.Deploy.0 = Release|x86
		{FACBF988-1E71-4A11-9B05-55723B7006D9}.AppStore|iPhoneSimulator.ActiveCfg = Release|x86
		{FACBF988-1E71-4A11-9B05-55723B7006D9}.AppStore|iPhoneSimulator.Build.0 = Release|x86
		{FACBF988-1E71-4A11-9B05-55723B7006D9}.AppStore|iPhoneSimulator.Deploy.0 = Release|x86
		{FACBF988-1E71-4A11-9B05-55723B7006D9}.AppStore|x64.ActiveCfg = Release|x64
		{FACBF988-1E71-4A11-9B05-55723B7006D9}.AppStore|x64.Build.0 = Release|x64
		{FACBF988-1E71-4A11-9B05-55723B7006D9}.AppStore|x64.Deploy.0 = Release|x64
		{FACBF988-1E71-4A11-9B05-55723B7006D9}.AppStore|x86.ActiveCfg = Release|x86
		{FACBF988-1E71-4A11-9B05-55723B7006D9}.AppStore|x86.Build.0 = Release|x86
		{FACBF988-1E71-4A11-9B05-55723B7006D9}.AppStore|x86.Deploy.0 = Release|x86
		{FACBF988-1E71-4A11-9B05-55723B7006D9}.Debug|Any CPU.ActiveCfg = Debug|x86
		{FACBF988-1E71-4A11-9B05-55723B7006D9}.Debug|ARM.ActiveCfg = Debug|ARM
		{FACBF988-1E71-4A11-9B05-55723B7006D9}.Debug|ARM.Build.0 = Debug|ARM
		{FACBF988-1E71-4A11-9B05-55723B7006D9}.Debug|ARM.Deploy.0 = Debug|ARM
		{FACBF988-1E71-4A11-9B05-55723B7006D9}.Debug|iPhone.ActiveCfg = Debug|x86
		{FACBF988-1E71-4A11-9B05-55723B7006D9}.Debug|iPhoneSimulator.ActiveCfg = Debug|x86
		{FACBF988-1E71-4A11-9B05-55723B7006D9}.Debug|x64.ActiveCfg = Debug|x64
		{FACBF988-1E71-4A11-9B05-55723B7006D9}.Debug|x64.Build.0 = Debug|x64
		{FACBF988-1E71-4A11-9B05-55723B7006D9}.Debug|x64.Deploy.0 = Debug|x64
		{FACBF988-1E71-4A11-9B05-55723B7006D9}.Debug|x86.ActiveCfg = Debug|x86
		{FACBF988-1E71-4A11-9B05-55723B7006D9}.Debug|x86.Build.0 = Debug|x86
		{FACBF988-1E71-4A11-9B05-55723B7006D9}.Debug|x86.Deploy.0 = Debug|x86
		{FACBF988-1E71-4A11-9B05-55723B7006D9}.Release|Any CPU.ActiveCfg = Release|x86
		{FACBF988-1E71-4A11-9B05-55723B7006D9}.Release|ARM.ActiveCfg = Release|ARM
		{FACBF988-1E71-4A11-9B05-55723B7006D9}.Release|ARM.Build.0 = Release|ARM
		{FACBF988-1E71-4A11-9B05-55723B7006D9}.Release|ARM.Deploy.0 = Release|ARM
		{FACBF988-1E71-4A11-9B05-55723B7006D9}.Release|iPhone.ActiveCfg = Release|x86
		{FACBF988-1E71-4A11-9B05-55723B7006D9}.Release|iPhoneSimulator.ActiveCfg = Release|x86
		{FACBF988-1E71-4A11-9B05-55723B7006D9}.Release|x64.ActiveCfg = Release|x64
		{FACBF988-1E71-4A11-9B05-55723B7006D9}.Release|x64.Build.0 = Release|x64
		{FACBF988-1E71-4A11-9B05-55723B7006D9}.Release|x64.Deploy.0 = Release|x64
		{FACBF988-1E71-4A11-9B05-55723B7006D9}.Release|x86.ActiveCfg = Release|x86
		{FACBF988-1E71-4A11-9B05-55723B7006D9}.Release|x86.Build.0 = Release|x86
		{FACBF988-1E71-4A11-9B05-55723B7006D9}.Release|x86.Deploy.0 = Release|x86
		{CBEAD8C7-57E2-46B1-8718-67EA54AD6307}.Ad-Hoc|Any CPU.ActiveCfg = Debug|Any CPU
		{CBEAD8C7-57E2-46B1-8718-67EA54AD6307}.Ad-Hoc|Any CPU.Build.0 = Debug|Any CPU
		{CBEAD8C7-57E2-46B1-8718-67EA54AD6307}.Ad-Hoc|ARM.ActiveCfg = Debug|Any CPU
		{CBEAD8C7-57E2-46B1-8718-67EA54AD6307}.Ad-Hoc|ARM.Build.0 = Debug|Any CPU
		{CBEAD8C7-57E2-46B1-8718-67EA54AD6307}.Ad-Hoc|iPhone.ActiveCfg = Debug|Any CPU
		{CBEAD8C7-57E2-46B1-8718-67EA54AD6307}.Ad-Hoc|iPhone.Build.0 = Debug|Any CPU
		{CBEAD8C7-57E2-46B1-8718-67EA54AD6307}.Ad-Hoc|iPhoneSimulator.ActiveCfg = Debug|Any CPU
		{CBEAD8C7-57E2-46B1-8718-67EA54AD6307}.Ad-Hoc|iPhoneSimulator.Build.0 = Debug|Any CPU
		{CBEAD8C7-57E2-46B1-8718-67EA54AD6307}.Ad-Hoc|x64.ActiveCfg = Debug|Any CPU
		{CBEAD8C7-57E2-46B1-8718-67EA54AD6307}.Ad-Hoc|x64.Build.0 = Debug|Any CPU
		{CBEAD8C7-57E2-46B1-8718-67EA54AD6307}.Ad-Hoc|x86.ActiveCfg = Debug|Any CPU
		{CBEAD8C7-57E2-46B1-8718-67EA54AD6307}.Ad-Hoc|x86.Build.0 = Debug|Any CPU
		{CBEAD8C7-57E2-46B1-8718-67EA54AD6307}.AppStore|Any CPU.ActiveCfg = Debug|Any CPU
		{CBEAD8C7-57E2-46B1-8718-67EA54AD6307}.AppStore|Any CPU.Build.0 = Debug|Any CPU
		{CBEAD8C7-57E2-46B1-8718-67EA54AD6307}.AppStore|ARM.ActiveCfg = Debug|Any CPU
		{CBEAD8C7-57E2-46B1-8718-67EA54AD6307}.AppStore|ARM.Build.0 = Debug|Any CPU
		{CBEAD8C7-57E2-46B1-8718-67EA54AD6307}.AppStore|iPhone.ActiveCfg = Debug|Any CPU
		{CBEAD8C7-57E2-46B1-8718-67EA54AD6307}.AppStore|iPhone.Build.0 = Debug|Any CPU
		{CBEAD8C7-57E2-46B1-8718-67EA54AD6307}.AppStore|iPhoneSimulator.ActiveCfg = Debug|Any CPU
		{CBEAD8C7-57E2-46B1-8718-67EA54AD6307}.AppStore|iPhoneSimulator.Build.0 = Debug|Any CPU
		{CBEAD8C7-57E2-46B1-8718-67EA54AD6307}.AppStore|x64.ActiveCfg = Debug|Any CPU
		{CBEAD8C7-57E2-46B1-8718-67EA54AD6307}.AppStore|x64.Build.0 = Debug|Any CPU
		{CBEAD8C7-57E2-46B1-8718-67EA54AD6307}.AppStore|x86.ActiveCfg = Debug|Any CPU
		{CBEAD8C7-57E2-46B1-8718-67EA54AD6307}.AppStore|x86.Build.0 = Debug|Any CPU
		{CBEAD8C7-57E2-46B1-8718-67EA54AD6307}.Debug|Any CPU.ActiveCfg = Debug|Any CPU
		{CBEAD8C7-57E2-46B1-8718-67EA54AD6307}.Debug|Any CPU.Build.0 = Debug|Any CPU
		{CBEAD8C7-57E2-46B1-8718-67EA54AD6307}.Debug|ARM.ActiveCfg = Debug|Any CPU
		{CBEAD8C7-57E2-46B1-8718-67EA54AD6307}.Debug|ARM.Build.0 = Debug|Any CPU
		{CBEAD8C7-57E2-46B1-8718-67EA54AD6307}.Debug|iPhone.ActiveCfg = Debug|Any CPU
		{CBEAD8C7-57E2-46B1-8718-67EA54AD6307}.Debug|iPhone.Build.0 = Debug|Any CPU
		{CBEAD8C7-57E2-46B1-8718-67EA54AD6307}.Debug|iPhoneSimulator.ActiveCfg = Debug|Any CPU
		{CBEAD8C7-57E2-46B1-8718-67EA54AD6307}.Debug|iPhoneSimulator.Build.0 = Debug|Any CPU
		{CBEAD8C7-57E2-46B1-8718-67EA54AD6307}.Debug|x64.ActiveCfg = Debug|Any CPU
		{CBEAD8C7-57E2-46B1-8718-67EA54AD6307}.Debug|x64.Build.0 = Debug|Any CPU
		{CBEAD8C7-57E2-46B1-8718-67EA54AD6307}.Debug|x86.ActiveCfg = Debug|Any CPU
		{CBEAD8C7-57E2-46B1-8718-67EA54AD6307}.Debug|x86.Build.0 = Debug|Any CPU
		{CBEAD8C7-57E2-46B1-8718-67EA54AD6307}.Release|Any CPU.ActiveCfg = Release|Any CPU
		{CBEAD8C7-57E2-46B1-8718-67EA54AD6307}.Release|Any CPU.Build.0 = Release|Any CPU
		{CBEAD8C7-57E2-46B1-8718-67EA54AD6307}.Release|ARM.ActiveCfg = Release|Any CPU
		{CBEAD8C7-57E2-46B1-8718-67EA54AD6307}.Release|ARM.Build.0 = Release|Any CPU
		{CBEAD8C7-57E2-46B1-8718-67EA54AD6307}.Release|iPhone.ActiveCfg = Release|Any CPU
		{CBEAD8C7-57E2-46B1-8718-67EA54AD6307}.Release|iPhone.Build.0 = Release|Any CPU
		{CBEAD8C7-57E2-46B1-8718-67EA54AD6307}.Release|iPhoneSimulator.ActiveCfg = Release|Any CPU
		{CBEAD8C7-57E2-46B1-8718-67EA54AD6307}.Release|iPhoneSimulator.Build.0 = Release|Any CPU
		{CBEAD8C7-57E2-46B1-8718-67EA54AD6307}.Release|x64.ActiveCfg = Release|Any CPU
		{CBEAD8C7-57E2-46B1-8718-67EA54AD6307}.Release|x64.Build.0 = Release|Any CPU
		{CBEAD8C7-57E2-46B1-8718-67EA54AD6307}.Release|x86.ActiveCfg = Release|Any CPU
		{CBEAD8C7-57E2-46B1-8718-67EA54AD6307}.Release|x86.Build.0 = Release|Any CPU
	EndGlobalSection
	GlobalSection(SolutionProperties) = preSolution
		HideSolutionNode = FALSE
	EndGlobalSection
	GlobalSection(ExtensibilityGlobals) = postSolution
		SolutionGuid = {3790472E-3987-4FE4-998B-2A5F9B0C9190}
	EndGlobalSection
EndGlobal
